<?xml version="1.0" encoding="UTF-8" standalone="yes" ?>
<CodeBlocks_project_file>
	<FileVersion major="1" minor="6" />
	<Project>
		<Option title="OpenGL" />
		<Option pch_mode="2" />
		<Option compiler="gcc" />
		<Build>
			<Target title="Debug">
				<Option output="bin/Debug/OpenGL" prefix_auto="1" extension_auto="1" />
				<Option object_output="obj/Debug/" />
				<Option type="1" />
				<Option compiler="gcc" />
				<Compiler>
					<Add option="-Winline" />
					<Add option="-Wall" />
					<Add option="-g" />
					<Add option='-include &quot;precomp.h&quot;' />
					<Add option="-D_DEBUG_" />
					<Add option="-D_GCC_" />
					<Add option="-D_WIN32_" />
					<Add option="-D_OPENGL_" />
					<Add directory="src/" />
					<Add directory="src/math" />
					<Add directory="libs/soil/src" />
					<Add directory="libs/glfw-3.2.1/include" />
					<Add directory="src/gfx/opengl" />
					<Add directory="libs/gl3w/include" />
				</Compiler>
				<Linker>
					<Add library="soil" />
					<Add library="glfw3" />
					<Add library="opengl32" />
					<Add library="gdi32" />
					<Add directory="$(MinGWdir)/lib/" />
					<Add directory="libs/soil/lib" />
					<Add directory="libs/glfw-3.2.1/lib-mingw" />
				</Linker>
			</Target>
			<Target title="Release">
				<Option output="bin/Release/OpenGL" prefix_auto="1" extension_auto="1" />
				<Option object_output="obj/Release/" />
				<Option type="1" />
				<Option compiler="gcc" />
				<Compiler>
					<Add option="-O2" />
					<Add option='-include &quot;precomp.h&quot;' />
					<Add option="-D_RELEASE_" />
					<Add option="-D_GCC_" />
					<Add option="-D_WIN32_" />
					<Add option="-D_OPENGL_" />
					<Add directory="src/" />
					<Add directory="src/math" />
					<Add directory="libs/soil/src" />
					<Add directory="libs/glfw-3.2.1/include" />
					<Add directory="src/gfx/opengl" />
					<Add directory="libs/gl3w" />
				</Compiler>
				<Linker>
					<Add option="-s" />
					<Add library="soil" />
					<Add library="glfw3" />
					<Add library="opengl32" />
					<Add library="gdi32" />
					<Add directory="$(MinGWdir)/lib/" />
					<Add directory="libs/soil/lib" />
					<Add directory="libs/glfw-3.2.1/lib-mingw" />
				</Linker>
			</Target>
		</Build>
		<Compiler>
			<Add option="-Wall" />
			<Add option="-fexceptions" />
		</Compiler>
		<Unit filename="main.cpp" />
		<Unit filename="src/debug/assert.h" />
		<Unit filename="src/debug/debugbreak.h" />
		<Unit filename="src/debug/log.cpp" />
		<Unit filename="src/debug/log.h" />
		<Unit filename="src/debug/testcase.cpp" />
		<Unit filename="src/debug/testcase.h" />
		<Unit filename="src/engine.h" />
		<Unit filename="src/engine/clock.h" />
		<Unit filename="src/engine/mainloop.cpp" />
		<Unit filename="src/engine/mainloop.h" />
		<Unit filename="src/engine/singleton.h" />
		<Unit filename="src/gfx/gfxcontext.cpp" />
		<Unit filename="src/gfx/gfxcontext.h" />
		<Unit filename="src/gfx/mainwindow.cpp" />
		<Unit filename="src/gfx/mainwindow.h" />
		<Unit filename="src/gfx/opengl/mainwindowopengl.cpp" />
		<Unit filename="src/gfx/opengl/mainwindowopengl.h" />
		<Unit filename="src/gfx/opengl/mesh.cpp" />
		<Unit filename="src/gfx/opengl/mesh.h" />
		<Unit filename="src/gfx/opengl/ogltexture.cpp" />
		<Unit filename="src/gfx/opengl/ogltexture.h" />
		<Unit filename="src/gfx/renderer.cpp" />
		<Unit filename="src/gfx/renderer.h" />
		<Unit filename="src/gfx/texture.cpp" />
		<Unit filename="src/gfx/texture.h" />
		<Unit filename="src/io/file.cpp">
			<Option weight="3" />
		</Unit>
		<Unit filename="src/io/file.h">
			<Option weight="3" />
		</Unit>
		<Unit filename="src/math/eangle.cpp" />
		<Unit filename="src/math/eangle.h" />
		<Unit filename="src/math/mat4.cpp" />
		<Unit filename="src/math/mat4.h" />
		<Unit filename="src/math/mathutil.cpp" />
		<Unit filename="src/math/mathutil.h" />
		<Unit filename="src/math/vector4.h" />
		<Unit filename="src/precomp.cpp" />
		<Unit filename="src/precomp.h">
			<Option compile="1" />
			<Option weight="0" />
		</Unit>
		<Extensions>
			<code_completion />
			<envvars />
			<debugger />
			<lib_finder disable_auto="1" />
		</Extensions>
	</Project>
</CodeBlocks_project_file>
